[{<<"cowboy">>,
  {git,"https://github.com/ninenines/cowboy.git",
       {ref,"65a77a8f4888ad9266906f351c92477b4c697b18"}},
  0},
 {<<"cowlib">>,
  {git,"https://github.com/ninenines/cowlib",
       {ref,"f74e175fdf7dd0ec52ffb969fa316f5264ad3f83"}},
  1},
 {<<"jiffy">>,
  {git,"https://github.com/davisp/jiffy.git",
       {ref,"effc3c9a68478b692523e61b308ad9257c1ddeca"}},
  0},
 {<<"ranch">>,
  {git,"https://github.com/ninenines/ranch",
       {ref,"74bb84257244afd59bf197cef1ed8d0b92060caa"}},
  1}].
